PODS:
  - Flutter (1.0.0)
  - hm_a300_ble_printer (0.0.1):
    - Flutter
  - integration_test (0.0.1):
    - Flutter

DEPENDENCIES:
  - Flutter (from `Flutter`)
  - hm_a300_ble_printer (from `.symlinks/plugins/hm_a300_ble_printer/ios`)
  - integration_test (from `.symlinks/plugins/integration_test/ios`)

EXTERNAL SOURCES:
  Flutter:
    :path: Flutter
  hm_a300_ble_printer:
    :path: ".symlinks/plugins/hm_a300_ble_printer/ios"
  integration_test:
    :path: ".symlinks/plugins/integration_test/ios"

SPEC CHECKSUMS:
  Flutter: e0871f40cf51350855a761d2e70bf5af5b9b5de7
  hm_a300_ble_printer: e506514537a4e20099e9bb691903e5e1a694de07
  integration_test: 4a889634ef21a45d28d50d622cf412dc6d9f586e

PODFILE CHECKSUM: c517c5589b1631bb07912173c29ccaf3863f7c93

COCOAPODS: 1.16.2
